
Microsoft Visual Studio Solution File, Format Version 12.00
# Visual Studio Version 17
VisualStudioVersion = 17.5.33502.453
MinimumVisualStudioVersion = 10.0.40219.1
Project("{8BC9CEB8-8B4A-11D0-8D11-00A0C91BC942}") = "StaticMember", "StaticMember\StaticMember.vcxproj", "{28F6F261-5E59-4B98-8EFE-6AE6A57541B7}"
EndProject
Project("{8BC9CEB8-8B4A-11D0-8D11-00A0C91BC942}") = "Construktor", "Construktor\Construktor.vcxproj", "{B5E2A0C9-01D9-4CEA-B432-7C845C251CE3}"
EndProject
Project("{8BC9CEB8-8B4A-11D0-8D11-00A0C91BC942}") = "Chainfunction", "Chainfunction\Chainfunction.vcxproj", "{D063947A-0898-4062-BA22-F8791AA685CA}"
EndProject
Global
	GlobalSection(SolutionConfigurationPlatforms) = preSolution
		Debug|x64 = Debug|x64
		Debug|x86 = Debug|x86
		Release|x64 = Release|x64
		Release|x86 = Release|x86
	EndGlobalSection
	GlobalSection(ProjectConfigurationPlatforms) = postSolution
		{28F6F261-5E59-4B98-8EFE-6AE6A57541B7}.Debug|x64.ActiveCfg = Debug|x64
		{28F6F261-5E59-4B98-8EFE-6AE6A57541B7}.Debug|x64.Build.0 = Debug|x64
		{28F6F261-5E59-4B98-8EFE-6AE6A57541B7}.Debug|x86.ActiveCfg = Debug|Win32
		{28F6F261-5E59-4B98-8EFE-6AE6A57541B7}.Debug|x86.Build.0 = Debug|Win32
		{28F6F261-5E59-4B98-8EFE-6AE6A57541B7}.Release|x64.ActiveCfg = Release|x64
		{28F6F261-5E59-4B98-8EFE-6AE6A57541B7}.Release|x64.Build.0 = Release|x64
		{28F6F261-5E59-4B98-8EFE-6AE6A57541B7}.Release|x86.ActiveCfg = Release|Win32
		{28F6F261-5E59-4B98-8EFE-6AE6A57541B7}.Release|x86.Build.0 = Release|Win32
		{B5E2A0C9-01D9-4CEA-B432-7C845C251CE3}.Debug|x64.ActiveCfg = Debug|x64
		{B5E2A0C9-01D9-4CEA-B432-7C845C251CE3}.Debug|x64.Build.0 = Debug|x64
		{B5E2A0C9-01D9-4CEA-B432-7C845C251CE3}.Debug|x86.ActiveCfg = Debug|Win32
		{B5E2A0C9-01D9-4CEA-B432-7C845C251CE3}.Debug|x86.Build.0 = Debug|Win32
		{B5E2A0C9-01D9-4CEA-B432-7C845C251CE3}.Release|x64.ActiveCfg = Release|x64
		{B5E2A0C9-01D9-4CEA-B432-7C845C251CE3}.Release|x64.Build.0 = Release|x64
		{B5E2A0C9-01D9-4CEA-B432-7C845C251CE3}.Release|x86.ActiveCfg = Release|Win32
		{B5E2A0C9-01D9-4CEA-B432-7C845C251CE3}.Release|x86.Build.0 = Release|Win32
		{D063947A-0898-4062-BA22-F8791AA685CA}.Debug|x64.ActiveCfg = Debug|x64
		{D063947A-0898-4062-BA22-F8791AA685CA}.Debug|x64.Build.0 = Debug|x64
		{D063947A-0898-4062-BA22-F8791AA685CA}.Debug|x86.ActiveCfg = Debug|Win32
		{D063947A-0898-4062-BA22-F8791AA685CA}.Debug|x86.Build.0 = Debug|Win32
		{D063947A-0898-4062-BA22-F8791AA685CA}.Release|x64.ActiveCfg = Release|x64
		{D063947A-0898-4062-BA22-F8791AA685CA}.Release|x64.Build.0 = Release|x64
		{D063947A-0898-4062-BA22-F8791AA685CA}.Release|x86.ActiveCfg = Release|Win32
		{D063947A-0898-4062-BA22-F8791AA685CA}.Release|x86.Build.0 = Release|Win32
	EndGlobalSection
	GlobalSection(SolutionProperties) = preSolution
		HideSolutionNode = FALSE
	EndGlobalSection
	GlobalSection(ExtensibilityGlobals) = postSolution
		SolutionGuid = {EBFA45FE-BFC6-4420-8600-FE886455BE31}
	EndGlobalSection
EndGlobal
